
Microsoft Visual Studio Solution File, Format Version 12.00
# Visual Studio Version 17
VisualStudioVersion = 17.8.34309.116
MinimumVisualStudioVersion = 10.0.40219.1
Project("{FAE04EC0-301F-11D3-BF4B-00C04F79EFBC}") = "CRM.Server", "CRM\Server\CRM.Server.csproj", "{F468C340-3FAE-4342-B3EC-C67C4D7A9398}"
EndProject
Project("{FAE04EC0-301F-11D3-BF4B-00C04F79EFBC}") = "CRM.Client", "CRM\Client\CRM.Client.csproj", "{092821BF-0587-43A8-B12C-8F1BA0009864}"
EndProject
Project("{FAE04EC0-301F-11D3-BF4B-00C04F79EFBC}") = "CRM.Shared", "CRM\Shared\CRM.Shared.csproj", "{6C903082-DF25-443B-B23B-5FDF65829552}"
EndProject
Global
	GlobalSection(SolutionConfigurationPlatforms) = preSolution
		Debug|Any CPU = Debug|Any CPU
		Release|Any CPU = Release|Any CPU
	EndGlobalSection
	GlobalSection(ProjectConfigurationPlatforms) = postSolution
		{F468C340-3FAE-4342-B3EC-C67C4D7A9398}.Debug|Any CPU.ActiveCfg = Debug|Any CPU
		{F468C340-3FAE-4342-B3EC-C67C4D7A9398}.Debug|Any CPU.Build.0 = Debug|Any CPU
		{F468C340-3FAE-4342-B3EC-C67C4D7A9398}.Release|Any CPU.ActiveCfg = Release|Any CPU
		{F468C340-3FAE-4342-B3EC-C67C4D7A9398}.Release|Any CPU.Build.0 = Release|Any CPU
		{092821BF-0587-43A8-B12C-8F1BA0009864}.Debug|Any CPU.ActiveCfg = Debug|Any CPU
		{092821BF-0587-43A8-B12C-8F1BA0009864}.Debug|Any CPU.Build.0 = Debug|Any CPU
		{092821BF-0587-43A8-B12C-8F1BA0009864}.Release|Any CPU.ActiveCfg = Release|Any CPU
		{092821BF-0587-43A8-B12C-8F1BA0009864}.Release|Any CPU.Build.0 = Release|Any CPU
		{6C903082-DF25-443B-B23B-5FDF65829552}.Debug|Any CPU.ActiveCfg = Debug|Any CPU
		{6C903082-DF25-443B-B23B-5FDF65829552}.Debug|Any CPU.Build.0 = Debug|Any CPU
		{6C903082-DF25-443B-B23B-5FDF65829552}.Release|Any CPU.ActiveCfg = Release|Any CPU
		{6C903082-DF25-443B-B23B-5FDF65829552}.Release|Any CPU.Build.0 = Release|Any CPU
	EndGlobalSection
	GlobalSection(SolutionProperties) = preSolution
		HideSolutionNode = FALSE
	EndGlobalSection
	GlobalSection(ExtensibilityGlobals) = postSolution
		SolutionGuid = {70AFA666-FE68-4A60-A105-A84C33C518F8}
	EndGlobalSection
EndGlobal
